
Microsoft Visual Studio Solution File, Format Version 11.00
# Visual Studio 2010
Project("{FAE04EC0-301F-11D3-BF4B-00C04F79EFBC}") = "ar_cactus2", "Assembly-CSharp.csproj", "{7212B256-141D-9CDE-CE88-CA39F834964C}"
EndProject
Project("{FAE04EC0-301F-11D3-BF4B-00C04F79EFBC}") = "ar_cactus2", "Assembly-CSharp-Editor.csproj", "{111DA52F-53AD-D83B-0282-7DDAAC5D0B38}"
EndProject
Global
	GlobalSection(SolutionConfigurationPlatforms) = preSolution
		Debug|Any CPU = Debug|Any CPU
		Release|Any CPU = Release|Any CPU
	EndGlobalSection
	GlobalSection(ProjectConfigurationPlatforms) = postSolution
		{7212B256-141D-9CDE-CE88-CA39F834964C}.Debug|Any CPU.ActiveCfg = Debug|Any CPU
		{7212B256-141D-9CDE-CE88-CA39F834964C}.Debug|Any CPU.Build.0 = Debug|Any CPU
		{7212B256-141D-9CDE-CE88-CA39F834964C}.Release|Any CPU.ActiveCfg = Release|Any CPU
		{7212B256-141D-9CDE-CE88-CA39F834964C}.Release|Any CPU.Build.0 = Release|Any CPU
		{111DA52F-53AD-D83B-0282-7DDAAC5D0B38}.Debug|Any CPU.ActiveCfg = Debug|Any CPU
		{111DA52F-53AD-D83B-0282-7DDAAC5D0B38}.Debug|Any CPU.Build.0 = Debug|Any CPU
		{111DA52F-53AD-D83B-0282-7DDAAC5D0B38}.Release|Any CPU.ActiveCfg = Release|Any CPU
		{111DA52F-53AD-D83B-0282-7DDAAC5D0B38}.Release|Any CPU.Build.0 = Release|Any CPU
	EndGlobalSection
	GlobalSection(SolutionProperties) = preSolution
		HideSolutionNode = FALSE
	EndGlobalSection
	GlobalSection(MonoDevelopProperties) = preSolution
		StartupItem = Assembly-CSharp.csproj
	EndGlobalSection
EndGlobal
